
Microsoft Visual Studio Solution File, Format Version 12.00
# Visual Studio Version 16
VisualStudioVersion = 16.0.30204.135
MinimumVisualStudioVersion = 10.0.40219.1
Project("{FAE04EC0-301F-11D3-BF4B-00C04F79EFBC}") = "AccountigConsumable", "AccountigConsumable\AccountigConsumable.csproj", "{8CE81262-8444-4C7C-9A0F-E7697E80425F}"
EndProject
Project("{FAE04EC0-301F-11D3-BF4B-00C04F79EFBC}") = "AccountingConsumableTestProject", "AccountingConsumableTestProject\AccountingConsumableTestProject.csproj", "{467FEDB3-A22D-40A5-9953-0BAA97EA2BBB}"
EndProject
Global
	GlobalSection(SolutionConfigurationPlatforms) = preSolution
		Debug|Any CPU = Debug|Any CPU
		Release|Any CPU = Release|Any CPU
	EndGlobalSection
	GlobalSection(ProjectConfigurationPlatforms) = postSolution
		{8CE81262-8444-4C7C-9A0F-E7697E80425F}.Debug|Any CPU.ActiveCfg = Debug|Any CPU
		{8CE81262-8444-4C7C-9A0F-E7697E80425F}.Debug|Any CPU.Build.0 = Debug|Any CPU
		{8CE81262-8444-4C7C-9A0F-E7697E80425F}.Release|Any CPU.ActiveCfg = Release|Any CPU
		{8CE81262-8444-4C7C-9A0F-E7697E80425F}.Release|Any CPU.Build.0 = Release|Any CPU
		{467FEDB3-A22D-40A5-9953-0BAA97EA2BBB}.Debug|Any CPU.ActiveCfg = Debug|Any CPU
		{467FEDB3-A22D-40A5-9953-0BAA97EA2BBB}.Debug|Any CPU.Build.0 = Debug|Any CPU
		{467FEDB3-A22D-40A5-9953-0BAA97EA2BBB}.Release|Any CPU.ActiveCfg = Release|Any CPU
		{467FEDB3-A22D-40A5-9953-0BAA97EA2BBB}.Release|Any CPU.Build.0 = Release|Any CPU
	EndGlobalSection
	GlobalSection(SolutionProperties) = preSolution
		HideSolutionNode = FALSE
	EndGlobalSection
	GlobalSection(ExtensibilityGlobals) = postSolution
		SolutionGuid = {7F4A7123-993C-4C60-8B86-43118CFF6F72}
	EndGlobalSection
EndGlobal
